// !$*UTF8*$!
{
	archiveVersion = 1;
	classes = {
	};
	objectVersion = 51;
	objects = {

/* Begin PBXBuildFile section */
		4786DDB826D3705C00409285 /* AppDelegate.swift in Sources */ = {isa = PBXBuildFile; fileRef = 4786DDB726D3705C00409285 /* AppDelegate.swift */; };
		4786DDBA26D3705C00409285 /* SceneDelegate.swift in Sources */ = {isa = PBXBuildFile; fileRef = 4786DDB926D3705C00409285 /* SceneDelegate.swift */; };
		4786DDBC26D3705C00409285 /* ViewController.swift in Sources */ = {isa = PBXBuildFile; fileRef = 4786DDBB26D3705C00409285 /* ViewController.swift */; };
		4786DDBF26D3705C00409285 /* Main.storyboard in Resources */ = {isa = PBXBuildFile; fileRef = 4786DDBD26D3705C00409285 /* Main.storyboard */; };
		4786DDC126D3705D00409285 /* Assets.xcassets in Resources */ = {isa = PBXBuildFile; fileRef = 4786DDC026D3705D00409285 /* Assets.xcassets */; };
		4786DDC426D3705D00409285 /* LaunchScreen.storyboard in Resources */ = {isa = PBXBuildFile; fileRef = 4786DDC226D3705D00409285 /* LaunchScreen.storyboard */; };
		4786DDCF26D372E700409285 /* Prefecture.storyboard in Resources */ = {isa = PBXBuildFile; fileRef = 4786DDCE26D372E700409285 /* Prefecture.storyboard */; };
		4786DDD126D3738400409285 /* PrefectureViewController.swift in Sources */ = {isa = PBXBuildFile; fileRef = 4786DDD026D3738400409285 /* PrefectureViewController.swift */; };
		4786DDD326D3746300409285 /* Prefecture.swift in Sources */ = {isa = PBXBuildFile; fileRef = 4786DDD226D3746300409285 /* Prefecture.swift */; };
		4786DDD526D375C400409285 /* PrefectureItems.swift in Sources */ = {isa = PBXBuildFile; fileRef = 4786DDD426D375C400409285 /* PrefectureItems.swift */; };
		4786DDD726D3774200409285 /* PrefectureViewModel.swift in Sources */ = {isa = PBXBuildFile; fileRef = 4786DDD626D3774200409285 /* PrefectureViewModel.swift */; };
		4786DDD926D37D4F00409285 /* ViewModel.swift in Sources */ = {isa = PBXBuildFile; fileRef = 4786DDD826D37D4F00409285 /* ViewModel.swift */; };
		4786DDDF26D3830F00409285 /* PrefectureTableViewCell.swift in Sources */ = {isa = PBXBuildFile; fileRef = 4786DDDD26D3830F00409285 /* PrefectureTableViewCell.swift */; };
		4786DDE026D3830F00409285 /* PrefectureTableViewCell.xib in Resources */ = {isa = PBXBuildFile; fileRef = 4786DDDE26D3830F00409285 /* PrefectureTableViewCell.xib */; };
		4786DDE326D388BD00409285 /* PrefectureDataSource.swift in Sources */ = {isa = PBXBuildFile; fileRef = 4786DDE226D388BD00409285 /* PrefectureDataSource.swift */; };
		649AE6B289949C46258C9ACD /* Pods_Kadai11_MVVM.framework in Frameworks */ = {isa = PBXBuildFile; fileRef = EC41E7F131FEAD7EE6D4B598 /* Pods_Kadai11_MVVM.framework */; };
/* End PBXBuildFile section */

/* Begin PBXFileReference section */
		4786DDB426D3705C00409285 /* Kadai11-MVVM.app */ = {isa = PBXFileReference; explicitFileType = wrapper.application; includeInIndex = 0; path = "Kadai11-MVVM.app"; sourceTree = BUILT_PRODUCTS_DIR; };
		4786DDB726D3705C00409285 /* AppDelegate.swift */ = {isa = PBXFileReference; lastKnownFileType = sourcecode.swift; path = AppDelegate.swift; sourceTree = "<group>"; };
		4786DDB926D3705C00409285 /* SceneDelegate.swift */ = {isa = PBXFileReference; lastKnownFileType = sourcecode.swift; path = SceneDelegate.swift; sourceTree = "<group>"; };
		4786DDBB26D3705C00409285 /* ViewController.swift */ = {isa = PBXFileReference; lastKnownFileType = sourcecode.swift; path = ViewController.swift; sourceTree = "<group>"; };
		4786DDBE26D3705C00409285 /* Base */ = {isa = PBXFileReference; lastKnownFileType = file.storyboard; name = Base; path = Base.lproj/Main.storyboard; sourceTree = "<group>"; };
		4786DDC026D3705D00409285 /* Assets.xcassets */ = {isa = PBXFileReference; lastKnownFileType = folder.assetcatalog; path = Assets.xcassets; sourceTree = "<group>"; };
		4786DDC326D3705D00409285 /* Base */ = {isa = PBXFileReference; lastKnownFileType = file.storyboard; name = Base; path = Base.lproj/LaunchScreen.storyboard; sourceTree = "<group>"; };
		4786DDC526D3705D00409285 /* Info.plist */ = {isa = PBXFileReference; lastKnownFileType = text.plist.xml; path = Info.plist; sourceTree = "<group>"; };
		4786DDCE26D372E700409285 /* Prefecture.storyboard */ = {isa = PBXFileReference; lastKnownFileType = file.storyboard; path = Prefecture.storyboard; sourceTree = "<group>"; };
		4786DDD026D3738400409285 /* PrefectureViewController.swift */ = {isa = PBXFileReference; lastKnownFileType = sourcecode.swift; path = PrefectureViewController.swift; sourceTree = "<group>"; };
		4786DDD226D3746300409285 /* Prefecture.swift */ = {isa = PBXFileReference; lastKnownFileType = sourcecode.swift; path = Prefecture.swift; sourceTree = "<group>"; };
		4786DDD426D375C400409285 /* PrefectureItems.swift */ = {isa = PBXFileReference; lastKnownFileType = sourcecode.swift; path = PrefectureItems.swift; sourceTree = "<group>"; };
		4786DDD626D3774200409285 /* PrefectureViewModel.swift */ = {isa = PBXFileReference; lastKnownFileType = sourcecode.swift; path = PrefectureViewModel.swift; sourceTree = "<group>"; };
		4786DDD826D37D4F00409285 /* ViewModel.swift */ = {isa = PBXFileReference; lastKnownFileType = sourcecode.swift; path = ViewModel.swift; sourceTree = "<group>"; };
		4786DDDD26D3830F00409285 /* PrefectureTableViewCell.swift */ = {isa = PBXFileReference; lastKnownFileType = sourcecode.swift; path = PrefectureTableViewCell.swift; sourceTree = "<group>"; };
		4786DDDE26D3830F00409285 /* PrefectureTableViewCell.xib */ = {isa = PBXFileReference; lastKnownFileType = file.xib; path = PrefectureTableViewCell.xib; sourceTree = "<group>"; };
		4786DDE226D388BD00409285 /* PrefectureDataSource.swift */ = {isa = PBXFileReference; lastKnownFileType = sourcecode.swift; path = PrefectureDataSource.swift; sourceTree = "<group>"; };
		77D4322EEF428C941E0037FB /* Pods-Kadai11-MVVM.debug.xcconfig */ = {isa = PBXFileReference; includeInIndex = 1; lastKnownFileType = text.xcconfig; name = "Pods-Kadai11-MVVM.debug.xcconfig"; path = "Target Support Files/Pods-Kadai11-MVVM/Pods-Kadai11-MVVM.debug.xcconfig"; sourceTree = "<group>"; };
		CC0BA08AC598F9076C2B1616 /* Pods-Kadai11-MVVM.release.xcconfig */ = {isa = PBXFileReference; includeInIndex = 1; lastKnownFileType = text.xcconfig; name = "Pods-Kadai11-MVVM.release.xcconfig"; path = "Target Support Files/Pods-Kadai11-MVVM/Pods-Kadai11-MVVM.release.xcconfig"; sourceTree = "<group>"; };
		EC41E7F131FEAD7EE6D4B598 /* Pods_Kadai11_MVVM.framework */ = {isa = PBXFileReference; explicitFileType = wrapper.framework; includeInIndex = 0; path = Pods_Kadai11_MVVM.framework; sourceTree = BUILT_PRODUCTS_DIR; };
/* End PBXFileReference section */

/* Begin PBXFrameworksBuildPhase section */
		4786DDB126D3705C00409285 /* Frameworks */ = {
			isa = PBXFrameworksBuildPhase;
			buildActionMask = 2147483647;
			files = (
				649AE6B289949C46258C9ACD /* Pods_Kadai11_MVVM.framework in Frameworks */,
			);
			runOnlyForDeploymentPostprocessing = 0;
		};
/* End PBXFrameworksBuildPhase section */

/* Begin PBXGroup section */
		4786DDAB26D3705C00409285 = {
			isa = PBXGroup;
			children = (
				4786DDB626D3705C00409285 /* Kadai11-MVVM */,
				4786DDB526D3705C00409285 /* Products */,
				E2B7F618429DBD1FD009B482 /* Pods */,
				EDE54119C0F88C79E7F3EC16 /* Frameworks */,
			);
			sourceTree = "<group>";
		};
		4786DDB526D3705C00409285 /* Products */ = {
			isa = PBXGroup;
			children = (
				4786DDB426D3705C00409285 /* Kadai11-MVVM.app */,
			);
			name = Products;
			sourceTree = "<group>";
		};
		4786DDB626D3705C00409285 /* Kadai11-MVVM */ = {
			isa = PBXGroup;
			children = (
				4786DDCD26D372CA00409285 /* Model */,
				4786DDCC26D372C300409285 /* ViewModel */,
				4786DDCB26D372B400409285 /* View */,
				4786DDB726D3705C00409285 /* AppDelegate.swift */,
				4786DDB926D3705C00409285 /* SceneDelegate.swift */,
				4786DDC026D3705D00409285 /* Assets.xcassets */,
				4786DDC226D3705D00409285 /* LaunchScreen.storyboard */,
				4786DDC526D3705D00409285 /* Info.plist */,
			);
			path = "Kadai11-MVVM";
			sourceTree = "<group>";
		};
		4786DDCB26D372B400409285 /* View */ = {
			isa = PBXGroup;
			children = (
				4786DDE126D3889F00409285 /* DataSource */,
				4786DDDC26D382DE00409285 /* StoryBoard */,
				4786DDDB26D382D600409285 /* Controller */,
				4786DDDA26D382CD00409285 /* Cell */,
			);
			path = View;
			sourceTree = "<group>";
		};
		4786DDCC26D372C300409285 /* ViewModel */ = {
			isa = PBXGroup;
			children = (
				4786DDD626D3774200409285 /* PrefectureViewModel.swift */,
				4786DDD826D37D4F00409285 /* ViewModel.swift */,
			);
			path = ViewModel;
			sourceTree = "<group>";
		};
		4786DDCD26D372CA00409285 /* Model */ = {
			isa = PBXGroup;
			children = (
				4786DDD226D3746300409285 /* Prefecture.swift */,
				4786DDD426D375C400409285 /* PrefectureItems.swift */,
			);
			path = Model;
			sourceTree = "<group>";
		};
		4786DDDA26D382CD00409285 /* Cell */ = {
			isa = PBXGroup;
			children = (
				4786DDDD26D3830F00409285 /* PrefectureTableViewCell.swift */,
				4786DDDE26D3830F00409285 /* PrefectureTableViewCell.xib */,
			);
			path = Cell;
			sourceTree = "<group>";
		};
		4786DDDB26D382D600409285 /* Controller */ = {
			isa = PBXGroup;
			children = (
				4786DDBB26D3705C00409285 /* ViewController.swift */,
				4786DDD026D3738400409285 /* PrefectureViewController.swift */,
			);
			path = Controller;
			sourceTree = "<group>";
		};
		4786DDDC26D382DE00409285 /* StoryBoard */ = {
			isa = PBXGroup;
			children = (
				4786DDBD26D3705C00409285 /* Main.storyboard */,
				4786DDCE26D372E700409285 /* Prefecture.storyboard */,
			);
			path = StoryBoard;
			sourceTree = "<group>";
		};
		4786DDE126D3889F00409285 /* DataSource */ = {
			isa = PBXGroup;
			children = (
				4786DDE226D388BD00409285 /* PrefectureDataSource.swift */,
			);
			path = DataSource;
			sourceTree = "<group>";
		};
		E2B7F618429DBD1FD009B482 /* Pods */ = {
			isa = PBXGroup;
			children = (
				77D4322EEF428C941E0037FB /* Pods-Kadai11-MVVM.debug.xcconfig */,
				CC0BA08AC598F9076C2B1616 /* Pods-Kadai11-MVVM.release.xcconfig */,
			);
			path = Pods;
			sourceTree = "<group>";
		};
		EDE54119C0F88C79E7F3EC16 /* Frameworks */ = {
			isa = PBXGroup;
			children = (
				EC41E7F131FEAD7EE6D4B598 /* Pods_Kadai11_MVVM.framework */,
			);
			name = Frameworks;
			sourceTree = "<group>";
		};
/* End PBXGroup section */

/* Begin PBXNativeTarget section */
		4786DDB326D3705C00409285 /* Kadai11-MVVM */ = {
			isa = PBXNativeTarget;
			buildConfigurationList = 4786DDC826D3705D00409285 /* Build configuration list for PBXNativeTarget "Kadai11-MVVM" */;
			buildPhases = (
				C1C02BC329012C240F434257 /* [CP] Check Pods Manifest.lock */,
				4786DDB026D3705C00409285 /* Sources */,
				4786DDB126D3705C00409285 /* Frameworks */,
				4786DDB226D3705C00409285 /* Resources */,
				5AF276542774C5E09C098AA4 /* [CP] Embed Pods Frameworks */,
			);
			buildRules = (
			);
			dependencies = (
			);
			name = "Kadai11-MVVM";
			productName = "Kadai11-MVVM";
			productReference = 4786DDB426D3705C00409285 /* Kadai11-MVVM.app */;
			productType = "com.apple.product-type.application";
		};
/* End PBXNativeTarget section */

/* Begin PBXProject section */
		4786DDAC26D3705C00409285 /* Project object */ = {
			isa = PBXProject;
			attributes = {
				LastSwiftUpdateCheck = 1250;
				LastUpgradeCheck = 1250;
				TargetAttributes = {
					4786DDB326D3705C00409285 = {
						CreatedOnToolsVersion = 12.5.1;
					};
				};
			};
			buildConfigurationList = 4786DDAF26D3705C00409285 /* Build configuration list for PBXProject "Kadai11-MVVM" */;
			compatibilityVersion = "Xcode 9.3";
			developmentRegion = en;
			hasScannedForEncodings = 0;
			knownRegions = (
				en,
				Base,
			);
			mainGroup = 4786DDAB26D3705C00409285;
			productRefGroup = 4786DDB526D3705C00409285 /* Products */;
			projectDirPath = "";
			projectRoot = "";
			targets = (
				4786DDB326D3705C00409285 /* Kadai11-MVVM */,
			);
		};
/* End PBXProject section */

/* Begin PBXResourcesBuildPhase section */
		4786DDB226D3705C00409285 /* Resources */ = {
			isa = PBXResourcesBuildPhase;
			buildActionMask = 2147483647;
			files = (
				4786DDC426D3705D00409285 /* LaunchScreen.storyboard in Resources */,
				4786DDCF26D372E700409285 /* Prefecture.storyboard in Resources */,
				4786DDE026D3830F00409285 /* PrefectureTableViewCell.xib in Resources */,
				4786DDC126D3705D00409285 /* Assets.xcassets in Resources */,
				4786DDBF26D3705C00409285 /* Main.storyboard in Resources */,
			);
			runOnlyForDeploymentPostprocessing = 0;
		};
/* End PBXResourcesBuildPhase section */

/* Begin PBXShellScriptBuildPhase section */
		5AF276542774C5E09C098AA4 /* [CP] Embed Pods Frameworks */ = {
			isa = PBXShellScriptBuildPhase;
			buildActionMask = 2147483647;
			files = (
			);
			inputFileListPaths = (
				"${PODS_ROOT}/Target Support Files/Pods-Kadai11-MVVM/Pods-Kadai11-MVVM-frameworks-${CONFIGURATION}-input-files.xcfilelist",
			);
			name = "[CP] Embed Pods Frameworks";
			outputFileListPaths = (
				"${PODS_ROOT}/Target Support Files/Pods-Kadai11-MVVM/Pods-Kadai11-MVVM-frameworks-${CONFIGURATION}-output-files.xcfilelist",
			);
			runOnlyForDeploymentPostprocessing = 0;
			shellPath = /bin/sh;
			shellScript = "\"${PODS_ROOT}/Target Support Files/Pods-Kadai11-MVVM/Pods-Kadai11-MVVM-frameworks.sh\"\n";
			showEnvVarsInLog = 0;
		};
		C1C02BC329012C240F434257 /* [CP] Check Pods Manifest.lock */ = {
			isa = PBXShellScriptBuildPhase;
			buildActionMask = 2147483647;
			files = (
			);
			inputFileListPaths = (
			);
			inputPaths = (
				"${PODS_PODFILE_DIR_PATH}/Podfile.lock",
				"${PODS_ROOT}/Manifest.lock",
			);
			name = "[CP] Check Pods Manifest.lock";
			outputFileListPaths = (
			);
			outputPaths = (
				"$(DERIVED_FILE_DIR)/Pods-Kadai11-MVVM-checkManifestLockResult.txt",
			);
			runOnlyForDeploymentPostprocessing = 0;
			shellPath = /bin/sh;
			shellScript = "diff \"${PODS_PODFILE_DIR_PATH}/Podfile.lock\" \"${PODS_ROOT}/Manifest.lock\" > /dev/null\nif [ $? != 0 ] ; then\n    # print error to STDERR\n    echo \"error: The sandbox is not in sync with the Podfile.lock. Run 'pod install' or update your CocoaPods installation.\" >&2\n    exit 1\nfi\n# This output is used by Xcode 'outputs' to avoid re-running this script phase.\necho \"SUCCESS\" > \"${SCRIPT_OUTPUT_FILE_0}\"\n";
			showEnvVarsInLog = 0;
		};
/* End PBXShellScriptBuildPhase section */

/* Begin PBXSourcesBuildPhase section */
		4786DDB026D3705C00409285 /* Sources */ = {
			isa = PBXSourcesBuildPhase;
			buildActionMask = 2147483647;
			files = (
				4786DDD726D3774200409285 /* PrefectureViewModel.swift in Sources */,
				4786DDDF26D3830F00409285 /* PrefectureTableViewCell.swift in Sources */,
				4786DDBC26D3705C00409285 /* ViewController.swift in Sources */,
				4786DDD126D3738400409285 /* PrefectureViewController.swift in Sources */,
				4786DDD326D3746300409285 /* Prefecture.swift in Sources */,
				4786DDB826D3705C00409285 /* AppDelegate.swift in Sources */,
				4786DDBA26D3705C00409285 /* SceneDelegate.swift in Sources */,
				4786DDE326D388BD00409285 /* PrefectureDataSource.swift in Sources */,
				4786DDD926D37D4F00409285 /* ViewModel.swift in Sources */,
				4786DDD526D375C400409285 /* PrefectureItems.swift in Sources */,
			);
			runOnlyForDeploymentPostprocessing = 0;
		};
/* End PBXSourcesBuildPhase section */

/* Begin PBXVariantGroup section */
		4786DDBD26D3705C00409285 /* Main.storyboard */ = {
			isa = PBXVariantGroup;
			children = (
				4786DDBE26D3705C00409285 /* Base */,
			);
			name = Main.storyboard;
			sourceTree = "<group>";
		};
		4786DDC226D3705D00409285 /* LaunchScreen.storyboard */ = {
			isa = PBXVariantGroup;
			children = (
				4786DDC326D3705D00409285 /* Base */,
			);
			name = LaunchScreen.storyboard;
			sourceTree = "<group>";
		};
/* End PBXVariantGroup section */

/* Begin XCBuildConfiguration section */
		4786DDC626D3705D00409285 /* Debug */ = {
			isa = XCBuildConfiguration;
			buildSettings = {
				ALWAYS_SEARCH_USER_PATHS = NO;
				CLANG_ANALYZER_NONNULL = YES;
				CLANG_ANALYZER_NUMBER_OBJECT_CONVERSION = YES_AGGRESSIVE;
				CLANG_CXX_LANGUAGE_STANDARD = "gnu++14";
				CLANG_CXX_LIBRARY = "libc++";
				CLANG_ENABLE_MODULES = YES;
				CLANG_ENABLE_OBJC_ARC = YES;
				CLANG_ENABLE_OBJC_WEAK = YES;
				CLANG_WARN_BLOCK_CAPTURE_AUTORELEASING = YES;
				CLANG_WARN_BOOL_CONVERSION = YES;
				CLANG_WARN_COMMA = YES;
				CLANG_WARN_CONSTANT_CONVERSION = YES;
				CLANG_WARN_DEPRECATED_OBJC_IMPLEMENTATIONS = YES;
				CLANG_WARN_DIRECT_OBJC_ISA_USAGE = YES_ERROR;
				CLANG_WARN_DOCUMENTATION_COMMENTS = YES;
				CLANG_WARN_EMPTY_BODY = YES;
				CLANG_WARN_ENUM_CONVERSION = YES;
				CLANG_WARN_INFINITE_RECURSION = YES;
				CLANG_WARN_INT_CONVERSION = YES;
				CLANG_WARN_NON_LITERAL_NULL_CONVERSION = YES;
				CLANG_WARN_OBJC_IMPLICIT_RETAIN_SELF = YES;
				CLANG_WARN_OBJC_LITERAL_CONVERSION = YES;
				CLANG_WARN_OBJC_ROOT_CLASS = YES_ERROR;
				CLANG_WARN_QUOTED_INCLUDE_IN_FRAMEWORK_HEADER = YES;
				CLANG_WARN_RANGE_LOOP_ANALYSIS = YES;
				CLANG_WARN_STRICT_PROTOTYPES = YES;
				CLANG_WARN_SUSPICIOUS_MOVE = YES;
				CLANG_WARN_UNGUARDED_AVAILABILITY = YES_AGGRESSIVE;
				CLANG_WARN_UNREACHABLE_CODE = YES;
				CLANG_WARN__DUPLICATE_METHOD_MATCH = YES;
				COPY_PHASE_STRIP = NO;
				DEBUG_INFORMATION_FORMAT = dwarf;
				ENABLE_STRICT_OBJC_MSGSEND = YES;
				ENABLE_TESTABILITY = YES;
				GCC_C_LANGUAGE_STANDARD = gnu11;
				GCC_DYNAMIC_NO_PIC = NO;
				GCC_NO_COMMON_BLOCKS = YES;
				GCC_OPTIMIZATION_LEVEL = 0;
				GCC_PREPROCESSOR_DEFINITIONS = (
					"DEBUG=1",
					"$(inherited)",
				);
				GCC_WARN_64_TO_32_BIT_CONVERSION = YES;
				GCC_WARN_ABOUT_RETURN_TYPE = YES_ERROR;
				GCC_WARN_UNDECLARED_SELECTOR = YES;
				GCC_WARN_UNINITIALIZED_AUTOS = YES_AGGRESSIVE;
				GCC_WARN_UNUSED_FUNCTION = YES;
				GCC_WARN_UNUSED_VARIABLE = YES;
				IPHONEOS_DEPLOYMENT_TARGET = 14.5;
				MTL_ENABLE_DEBUG_INFO = INCLUDE_SOURCE;
				MTL_FAST_MATH = YES;
				ONLY_ACTIVE_ARCH = YES;
				SDKROOT = iphoneos;
				SWIFT_ACTIVE_COMPILATION_CONDITIONS = DEBUG;
				SWIFT_OPTIMIZATION_LEVEL = "-Onone";
			};
			name = Debug;
		};
		4786DDC726D3705D00409285 /* Release */ = {
			isa = XCBuildConfiguration;
			buildSettings = {
				ALWAYS_SEARCH_USER_PATHS = NO;
				CLANG_ANALYZER_NONNULL = YES;
				CLANG_ANALYZER_NUMBER_OBJECT_CONVERSION = YES_AGGRESSIVE;
				CLANG_CXX_LANGUAGE_STANDARD = "gnu++14";
				CLANG_CXX_LIBRARY = "libc++";
				CLANG_ENABLE_MODULES = YES;
				CLANG_ENABLE_OBJC_ARC = YES;
				CLANG_ENABLE_OBJC_WEAK = YES;
				CLANG_WARN_BLOCK_CAPTURE_AUTORELEASING = YES;
				CLANG_WARN_BOOL_CONVERSION = YES;
				CLANG_WARN_COMMA = YES;
				CLANG_WARN_CONSTANT_CONVERSION = YES;
				CLANG_WARN_DEPRECATED_OBJC_IMPLEMENTATIONS = YES;
				CLANG_WARN_DIRECT_OBJC_ISA_USAGE = YES_ERROR;
				CLANG_WARN_DOCUMENTATION_COMMENTS = YES;
				CLANG_WARN_EMPTY_BODY = YES;
				CLANG_WARN_ENUM_CONVERSION = YES;
				CLANG_WARN_INFINITE_RECURSION = YES;
				CLANG_WARN_INT_CONVERSION = YES;
				CLANG_WARN_NON_LITERAL_NULL_CONVERSION = YES;
				CLANG_WARN_OBJC_IMPLICIT_RETAIN_SELF = YES;
				CLANG_WARN_OBJC_LITERAL_CONVERSION = YES;
				CLANG_WARN_OBJC_ROOT_CLASS = YES_ERROR;
				CLANG_WARN_QUOTED_INCLUDE_IN_FRAMEWORK_HEADER = YES;
				CLANG_WARN_RANGE_LOOP_ANALYSIS = YES;
				CLANG_WARN_STRICT_PROTOTYPES = YES;
				CLANG_WARN_SUSPICIOUS_MOVE = YES;
				CLANG_WARN_UNGUARDED_AVAILABILITY = YES_AGGRESSIVE;
				CLANG_WARN_UNREACHABLE_CODE = YES;
				CLANG_WARN__DUPLICATE_METHOD_MATCH = YES;
				COPY_PHASE_STRIP = NO;
				DEBUG_INFORMATION_FORMAT = "dwarf-with-dsym";
				ENABLE_NS_ASSERTIONS = NO;
				ENABLE_STRICT_OBJC_MSGSEND = YES;
				GCC_C_LANGUAGE_STANDARD = gnu11;
				GCC_NO_COMMON_BLOCKS = YES;
				GCC_WARN_64_TO_32_BIT_CONVERSION = YES;
				GCC_WARN_ABOUT_RETURN_TYPE = YES_ERROR;
				GCC_WARN_UNDECLARED_SELECTOR = YES;
				GCC_WARN_UNINITIALIZED_AUTOS = YES_AGGRESSIVE;
				GCC_WARN_UNUSED_FUNCTION = YES;
				GCC_WARN_UNUSED_VARIABLE = YES;
				IPHONEOS_DEPLOYMENT_TARGET = 14.5;
				MTL_ENABLE_DEBUG_INFO = NO;
				MTL_FAST_MATH = YES;
				SDKROOT = iphoneos;
				SWIFT_COMPILATION_MODE = wholemodule;
				SWIFT_OPTIMIZATION_LEVEL = "-O";
				VALIDATE_PRODUCT = YES;
			};
			name = Release;
		};
		4786DDC926D3705D00409285 /* Debug */ = {
			isa = XCBuildConfiguration;
			baseConfigurationReference = 77D4322EEF428C941E0037FB /* Pods-Kadai11-MVVM.debug.xcconfig */;
			buildSettings = {
				ASSETCATALOG_COMPILER_APPICON_NAME = AppIcon;
				ASSETCATALOG_COMPILER_GLOBAL_ACCENT_COLOR_NAME = AccentColor;
				CODE_SIGN_STYLE = Automatic;
				DEVELOPMENT_TEAM = HAMLUR4PQA;
				INFOPLIST_FILE = "Kadai11-MVVM/Info.plist";
				LD_RUNPATH_SEARCH_PATHS = (
					"$(inherited)",
					"@executable_path/Frameworks",
				);
				PRODUCT_BUNDLE_IDENTIFIER = "com.kyohei.Kadai11-MVVM";
				PRODUCT_NAME = "$(TARGET_NAME)";
				SWIFT_VERSION = 5.0;
				TARGETED_DEVICE_FAMILY = 1;
			};
			name = Debug;
		};
		4786DDCA26D3705D00409285 /* Release */ = {
			isa = XCBuildConfiguration;
			baseConfigurationReference = CC0BA08AC598F9076C2B1616 /* Pods-Kadai11-MVVM.release.xcconfig */;
			buildSettings = {
				ASSETCATALOG_COMPILER_APPICON_NAME = AppIcon;
				ASSETCATALOG_COMPILER_GLOBAL_ACCENT_COLOR_NAME = AccentColor;
				CODE_SIGN_STYLE = Automatic;
				DEVELOPMENT_TEAM = HAMLUR4PQA;
				INFOPLIST_FILE = "Kadai11-MVVM/Info.plist";
				LD_RUNPATH_SEARCH_PATHS = (
					"$(inherited)",
					"@executable_path/Frameworks",
				);
				PRODUCT_BUNDLE_IDENTIFIER = "com.kyohei.Kadai11-MVVM";
				PRODUCT_NAME = "$(TARGET_NAME)";
				SWIFT_VERSION = 5.0;
				TARGETED_DEVICE_FAMILY = 1;
			};
			name = Release;
		};
/* End XCBuildConfiguration section */

/* Begin XCConfigurationList section */
		4786DDAF26D3705C00409285 /* Build configuration list for PBXProject "Kadai11-MVVM" */ = {
			isa = XCConfigurationList;
			buildConfigurations = (
				4786DDC626D3705D00409285 /* Debug */,
				4786DDC726D3705D00409285 /* Release */,
			);
			defaultConfigurationIsVisible = 0;
			defaultConfigurationName = Release;
		};
		4786DDC826D3705D00409285 /* Build configuration list for PBXNativeTarget "Kadai11-MVVM" */ = {
			isa = XCConfigurationList;
			buildConfigurations = (
				4786DDC926D3705D00409285 /* Debug */,
				4786DDCA26D3705D00409285 /* Release */,
			);
			defaultConfigurationIsVisible = 0;
			defaultConfigurationName = Release;
		};
/* End XCConfigurationList section */
	};
	rootObject = 4786DDAC26D3705C00409285 /* Project object */;
}
